
Microsoft Visual Studio Solution File, Format Version 12.00
# Visual Studio Version 17
VisualStudioVersion = 17.5.33502.453
MinimumVisualStudioVersion = 10.0.40219.1
Project("{FAE04EC0-301F-11D3-BF4B-00C04F79EFBC}") = "fill_array", "fill_array.csproj", "{2AFF4B50-753B-4441-ACDB-24706CF26550}"
EndProject
Global
	GlobalSection(SolutionConfigurationPlatforms) = preSolution
		Debug|Any CPU = Debug|Any CPU
		Release|Any CPU = Release|Any CPU
	EndGlobalSection
	GlobalSection(ProjectConfigurationPlatforms) = postSolution
		{2AFF4B50-753B-4441-ACDB-24706CF26550}.Debug|Any CPU.ActiveCfg = Debug|Any CPU
		{2AFF4B50-753B-4441-ACDB-24706CF26550}.Debug|Any CPU.Build.0 = Debug|Any CPU
		{2AFF4B50-753B-4441-ACDB-24706CF26550}.Release|Any CPU.ActiveCfg = Release|Any CPU
		{2AFF4B50-753B-4441-ACDB-24706CF26550}.Release|Any CPU.Build.0 = Release|Any CPU
	EndGlobalSection
	GlobalSection(SolutionProperties) = preSolution
		HideSolutionNode = FALSE
	EndGlobalSection
	GlobalSection(ExtensibilityGlobals) = postSolution
		SolutionGuid = {7983BF6B-8A21-4B24-A15D-51DA673B8862}
	EndGlobalSection
EndGlobal
